
Microsoft Visual Studio Solution File, Format Version 12.00
# Visual Studio Version 17
VisualStudioVersion = 17.13.35931.197
MinimumVisualStudioVersion = 10.0.40219.1
Project("{2150E333-8FDC-42A3-9474-1A3956D46DE8}") = "Grading Students", "Grading Students", "{02EA681E-C7D8-13C7-8484-4AC65E1B71E8}"
EndProject
Project("{888888A0-9F3D-457C-B088-3A5042F75D52}") = "Grading Students (Python)", "Grading Students\py\Grading Students (Python).pyproj", "{80C51B30-10DA-462A-8E03-B4E2AC0A8205}"
EndProject
Project("{2150E333-8FDC-42A3-9474-1A3956D46DE8}") = "Birthday Cake Candles", "Birthday Cake Candles", "{2ACA6F27-D3C1-4C71-B150-6FFE886FAACB}"
EndProject
Project("{FAE04EC0-301F-11D3-BF4B-00C04F79EFBC}") = "Birthday Cake Candles (C#)", "Birthday Cake Candles\Birthday Cake Candles (C#).csproj", "{AA7DF9AC-A642-BB7A-606F-CBDBB3780F20}"
EndProject
Project("{2150E333-8FDC-42A3-9474-1A3956D46DE8}") = "Mini-Max Sum", "Mini-Max Sum", "{62D459B2-4038-4D4F-9E04-637A568C7870}"
EndProject
Project("{FAE04EC0-301F-11D3-BF4B-00C04F79EFBC}") = "Mini-Max Sum (C#)", "Mini-Max Sum\Mini-Max Sum (C#).csproj", "{C14AEC26-55FF-9936-8AAC-79C7DA0A496F}"
EndProject
Project("{2150E333-8FDC-42A3-9474-1A3956D46DE8}") = "Plus-Minus", "Plus-Minus", "{7EBA0BC3-5B55-42BC-B67D-AB1BA2FB9A7D}"
EndProject
Project("{FAE04EC0-301F-11D3-BF4B-00C04F79EFBC}") = "Plus-Minus (C#)", "Plus_Minus\Plus-Minus (C#).csproj", "{82CC65DA-F314-8819-B002-4DC5895C05EF}"
EndProject
Project("{2150E333-8FDC-42A3-9474-1A3956D46DE8}") = "Staircase", "Staircase", "{2DF6E153-1DBB-4033-A4C7-4A85FF676699}"
EndProject
Project("{FAE04EC0-301F-11D3-BF4B-00C04F79EFBC}") = "Staircase (C#)", "Staircase\Staircase (C#).csproj", "{9B899493-E969-BC50-D6B9-1C6688AC854A}"
EndProject
Project("{2150E333-8FDC-42A3-9474-1A3956D46DE8}") = "Time Conversion", "Time Conversion", "{1D5AEEC3-B4C9-4B73-AC42-C96E4F2D08CE}"
EndProject
Project("{FAE04EC0-301F-11D3-BF4B-00C04F79EFBC}") = "Time Conversion (C#)", "Time Conversion\Time Conversion (C#).csproj", "{450FD6F2-CBC5-E19B-1077-29AA92030CAF}"
EndProject
Project("{2150E333-8FDC-42A3-9474-1A3956D46DE8}") = "Apple and Orange", "Apple and Orange", "{CD291483-3EDE-4C24-AE74-BD9FED4A1306}"
EndProject
Project("{888888A0-9F3D-457C-B088-3A5042F75D52}") = "Apple and Orange (Python)", "Apple and Orange\PythonApplication1py\Apple and Orange (Python).pyproj", "{2E3B5E0A-8DF4-4332-A233-9BF9FFF15A16}"
EndProject
Project("{2150E333-8FDC-42A3-9474-1A3956D46DE8}") = "Arrays - DS", "Arrays - DS", "{D78FEB7A-25B9-4FA0-915D-2C23C7DC31F7}"
EndProject
Project("{888888A0-9F3D-457C-B088-3A5042F75D52}") = "Arrays - DS (Python)", "Arrays - DS\Arrays - DS (Python).pyproj", "{2CBE262C-7522-478D-A4D4-A9D991106793}"
EndProject
Project("{2150E333-8FDC-42A3-9474-1A3956D46DE8}") = "Data Structures", "Data Structures", "{D6F58755-EBB7-42CF-B839-EF439163371D}"
EndProject
Project("{2150E333-8FDC-42A3-9474-1A3956D46DE8}") = "Algorithms", "Algorithms", "{B41B15E6-A710-47BE-9624-6C40BE8F9AE9}"
EndProject
Project("{2150E333-8FDC-42A3-9474-1A3956D46DE8}") = "Sparse Arrays", "Sparse Arrays", "{3344DF07-C8D4-4E69-A145-3C257982E9FC}"
EndProject
Project("{888888A0-9F3D-457C-B088-3A5042F75D52}") = "Sparse Arrays (Python)", "Sparse Arrays\Sparse Arrays (Python).pyproj", "{B6909A58-4585-4444-A7F5-C8C45BDBEEDE}"
EndProject
Project("{2150E333-8FDC-42A3-9474-1A3956D46DE8}") = "Arrays", "Arrays", "{DD52A66E-D803-4A3D-A7AB-A9EA8BB618EC}"
EndProject
Project("{2150E333-8FDC-42A3-9474-1A3956D46DE8}") = "Linked Lists", "Linked Lists", "{10EB211F-94F7-4E5E-99E4-33A44F1317FF}"
EndProject
Project("{2150E333-8FDC-42A3-9474-1A3956D46DE8}") = "Insert a Node at the Tail of a Linked List", "Insert a Node at the Tail of a Linked List", "{7C974DB1-C0E5-4128-8EE9-51E2D331F4F9}"
EndProject
Project("{888888A0-9F3D-457C-B088-3A5042F75D52}") = "Insert a Node at the Tail of a Linked List (Python)", "Insert a Node at the Tail of a Linked List\Insert a Node at the Tail of a Linked List (Python).pyproj", "{2B910515-272D-4B98-B40A-CAD95DDDE559}"
EndProject
Project("{2150E333-8FDC-42A3-9474-1A3956D46DE8}") = "Print the Elements of a Linked List", "Print the Elements of a Linked List", "{9B4BAC30-7927-4289-A047-107B25F3F49F}"
EndProject
Project("{888888A0-9F3D-457C-B088-3A5042F75D52}") = "Print the Elements of a Linked List (Python)", "Print the Elements of a Linked List\Print the Elements of a Linked List (Python).pyproj", "{24596006-8E5F-468F-9A10-E97F5E0088AC}"
EndProject
Global
	GlobalSection(SolutionConfigurationPlatforms) = preSolution
		Debug|Any CPU = Debug|Any CPU
		Release|Any CPU = Release|Any CPU
	EndGlobalSection
	GlobalSection(ProjectConfigurationPlatforms) = postSolution
		{80C51B30-10DA-462A-8E03-B4E2AC0A8205}.Debug|Any CPU.ActiveCfg = Debug|Any CPU
		{80C51B30-10DA-462A-8E03-B4E2AC0A8205}.Release|Any CPU.ActiveCfg = Release|Any CPU
		{AA7DF9AC-A642-BB7A-606F-CBDBB3780F20}.Debug|Any CPU.ActiveCfg = Debug|Any CPU
		{AA7DF9AC-A642-BB7A-606F-CBDBB3780F20}.Debug|Any CPU.Build.0 = Debug|Any CPU
		{AA7DF9AC-A642-BB7A-606F-CBDBB3780F20}.Release|Any CPU.ActiveCfg = Release|Any CPU
		{AA7DF9AC-A642-BB7A-606F-CBDBB3780F20}.Release|Any CPU.Build.0 = Release|Any CPU
		{C14AEC26-55FF-9936-8AAC-79C7DA0A496F}.Debug|Any CPU.ActiveCfg = Debug|Any CPU
		{C14AEC26-55FF-9936-8AAC-79C7DA0A496F}.Debug|Any CPU.Build.0 = Debug|Any CPU
		{C14AEC26-55FF-9936-8AAC-79C7DA0A496F}.Release|Any CPU.ActiveCfg = Release|Any CPU
		{C14AEC26-55FF-9936-8AAC-79C7DA0A496F}.Release|Any CPU.Build.0 = Release|Any CPU
		{82CC65DA-F314-8819-B002-4DC5895C05EF}.Debug|Any CPU.ActiveCfg = Debug|Any CPU
		{82CC65DA-F314-8819-B002-4DC5895C05EF}.Debug|Any CPU.Build.0 = Debug|Any CPU
		{82CC65DA-F314-8819-B002-4DC5895C05EF}.Release|Any CPU.ActiveCfg = Release|Any CPU
		{82CC65DA-F314-8819-B002-4DC5895C05EF}.Release|Any CPU.Build.0 = Release|Any CPU
		{9B899493-E969-BC50-D6B9-1C6688AC854A}.Debug|Any CPU.ActiveCfg = Debug|Any CPU
		{9B899493-E969-BC50-D6B9-1C6688AC854A}.Debug|Any CPU.Build.0 = Debug|Any CPU
		{9B899493-E969-BC50-D6B9-1C6688AC854A}.Release|Any CPU.ActiveCfg = Release|Any CPU
		{9B899493-E969-BC50-D6B9-1C6688AC854A}.Release|Any CPU.Build.0 = Release|Any CPU
		{450FD6F2-CBC5-E19B-1077-29AA92030CAF}.Debug|Any CPU.ActiveCfg = Debug|Any CPU
		{450FD6F2-CBC5-E19B-1077-29AA92030CAF}.Debug|Any CPU.Build.0 = Debug|Any CPU
		{450FD6F2-CBC5-E19B-1077-29AA92030CAF}.Release|Any CPU.ActiveCfg = Release|Any CPU
		{450FD6F2-CBC5-E19B-1077-29AA92030CAF}.Release|Any CPU.Build.0 = Release|Any CPU
		{2E3B5E0A-8DF4-4332-A233-9BF9FFF15A16}.Debug|Any CPU.ActiveCfg = Debug|Any CPU
		{2E3B5E0A-8DF4-4332-A233-9BF9FFF15A16}.Release|Any CPU.ActiveCfg = Release|Any CPU
		{2CBE262C-7522-478D-A4D4-A9D991106793}.Debug|Any CPU.ActiveCfg = Debug|Any CPU
		{2CBE262C-7522-478D-A4D4-A9D991106793}.Release|Any CPU.ActiveCfg = Release|Any CPU
		{B6909A58-4585-4444-A7F5-C8C45BDBEEDE}.Debug|Any CPU.ActiveCfg = Debug|Any CPU
		{B6909A58-4585-4444-A7F5-C8C45BDBEEDE}.Release|Any CPU.ActiveCfg = Release|Any CPU
		{2B910515-272D-4B98-B40A-CAD95DDDE559}.Debug|Any CPU.ActiveCfg = Debug|Any CPU
		{2B910515-272D-4B98-B40A-CAD95DDDE559}.Release|Any CPU.ActiveCfg = Release|Any CPU
		{24596006-8E5F-468F-9A10-E97F5E0088AC}.Debug|Any CPU.ActiveCfg = Debug|Any CPU
		{24596006-8E5F-468F-9A10-E97F5E0088AC}.Release|Any CPU.ActiveCfg = Release|Any CPU
	EndGlobalSection
	GlobalSection(SolutionProperties) = preSolution
		HideSolutionNode = FALSE
	EndGlobalSection
	GlobalSection(NestedProjects) = preSolution
		{02EA681E-C7D8-13C7-8484-4AC65E1B71E8} = {B41B15E6-A710-47BE-9624-6C40BE8F9AE9}
		{80C51B30-10DA-462A-8E03-B4E2AC0A8205} = {02EA681E-C7D8-13C7-8484-4AC65E1B71E8}
		{2ACA6F27-D3C1-4C71-B150-6FFE886FAACB} = {B41B15E6-A710-47BE-9624-6C40BE8F9AE9}
		{AA7DF9AC-A642-BB7A-606F-CBDBB3780F20} = {2ACA6F27-D3C1-4C71-B150-6FFE886FAACB}
		{62D459B2-4038-4D4F-9E04-637A568C7870} = {B41B15E6-A710-47BE-9624-6C40BE8F9AE9}
		{C14AEC26-55FF-9936-8AAC-79C7DA0A496F} = {62D459B2-4038-4D4F-9E04-637A568C7870}
		{7EBA0BC3-5B55-42BC-B67D-AB1BA2FB9A7D} = {B41B15E6-A710-47BE-9624-6C40BE8F9AE9}
		{82CC65DA-F314-8819-B002-4DC5895C05EF} = {7EBA0BC3-5B55-42BC-B67D-AB1BA2FB9A7D}
		{2DF6E153-1DBB-4033-A4C7-4A85FF676699} = {B41B15E6-A710-47BE-9624-6C40BE8F9AE9}
		{9B899493-E969-BC50-D6B9-1C6688AC854A} = {2DF6E153-1DBB-4033-A4C7-4A85FF676699}
		{1D5AEEC3-B4C9-4B73-AC42-C96E4F2D08CE} = {B41B15E6-A710-47BE-9624-6C40BE8F9AE9}
		{450FD6F2-CBC5-E19B-1077-29AA92030CAF} = {1D5AEEC3-B4C9-4B73-AC42-C96E4F2D08CE}
		{CD291483-3EDE-4C24-AE74-BD9FED4A1306} = {B41B15E6-A710-47BE-9624-6C40BE8F9AE9}
		{2E3B5E0A-8DF4-4332-A233-9BF9FFF15A16} = {CD291483-3EDE-4C24-AE74-BD9FED4A1306}
		{D78FEB7A-25B9-4FA0-915D-2C23C7DC31F7} = {DD52A66E-D803-4A3D-A7AB-A9EA8BB618EC}
		{2CBE262C-7522-478D-A4D4-A9D991106793} = {D78FEB7A-25B9-4FA0-915D-2C23C7DC31F7}
		{3344DF07-C8D4-4E69-A145-3C257982E9FC} = {DD52A66E-D803-4A3D-A7AB-A9EA8BB618EC}
		{B6909A58-4585-4444-A7F5-C8C45BDBEEDE} = {3344DF07-C8D4-4E69-A145-3C257982E9FC}
		{DD52A66E-D803-4A3D-A7AB-A9EA8BB618EC} = {D6F58755-EBB7-42CF-B839-EF439163371D}
		{10EB211F-94F7-4E5E-99E4-33A44F1317FF} = {D6F58755-EBB7-42CF-B839-EF439163371D}
		{7C974DB1-C0E5-4128-8EE9-51E2D331F4F9} = {10EB211F-94F7-4E5E-99E4-33A44F1317FF}
		{2B910515-272D-4B98-B40A-CAD95DDDE559} = {7C974DB1-C0E5-4128-8EE9-51E2D331F4F9}
		{9B4BAC30-7927-4289-A047-107B25F3F49F} = {10EB211F-94F7-4E5E-99E4-33A44F1317FF}
		{24596006-8E5F-468F-9A10-E97F5E0088AC} = {9B4BAC30-7927-4289-A047-107B25F3F49F}
	EndGlobalSection
	GlobalSection(ExtensibilityGlobals) = postSolution
		SolutionGuid = {56857632-587E-455B-BE56-45B4EFED56A9}
	EndGlobalSection
EndGlobal
