
Microsoft Visual Studio Solution File, Format Version 12.00
# Visual Studio Version 17
VisualStudioVersion = 17.13.35818.85
MinimumVisualStudioVersion = 10.0.40219.1
Project("{2150E333-8FDC-42A3-9474-1A3956D46DE8}") = "Day 00 - Hello, World.", "Day 00 - Hello, World.", "{02EA681E-C7D8-13C7-8484-4AC65E1B71E8}"
EndProject
Project("{2150E333-8FDC-42A3-9474-1A3956D46DE8}") = "Day 01 - Data Types", "Day 01 - Data Types", "{6E657C1B-AC12-4662-8B65-C6AE77FF7D12}"
EndProject
Project("{8BC9CEB8-8B4A-11D0-8D11-00A0C91BC942}") = "Day 01 C++", "Day 01 - Data Types\cpp\Day01.vcxproj", "{E28F56D2-84D6-48B1-B718-95F153030D31}"
EndProject
Project("{8BC9CEB8-8B4A-11D0-8D11-00A0C91BC942}") = "Day 00 C++", "Day 00 - Hello, World\cpp\Day00.vcxproj", "{31E52FBD-F776-4908-AF38-096FCF28D630}"
EndProject
Project("{888888A0-9F3D-457C-B088-3A5042F75D52}") = "Day 00 Python", "Day 00 - Hello, World\py\Day 00 Python.pyproj", "{90191376-4DFD-4021-96E9-97CDD0ABBE5F}"
EndProject
Project("{888888A0-9F3D-457C-B088-3A5042F75D52}") = "Day 01 Python", "Day 01 - Data Types\py\Day 01 Python.pyproj", "{D2F880CF-3C0A-42D3-8BFB-C192922FA643}"
EndProject
Project("{2150E333-8FDC-42A3-9474-1A3956D46DE8}") = "Day 02 - Operators", "Day 02 - Operators", "{20508BEF-28C7-422D-9DF5-802068426767}"
EndProject
Project("{888888A0-9F3D-457C-B088-3A5042F75D52}") = "Day 02 Python", "Day 02 - Operators\py\Day 02 Python.pyproj", "{8F5459B1-312B-4DA6-B04D-17593B1C9E86}"
EndProject
Project("{2150E333-8FDC-42A3-9474-1A3956D46DE8}") = "Day 19 - Interfaces", "Day 19 - Interfaces", "{A130EEA8-44EA-49D7-A530-F47924840706}"
EndProject
Project("{888888A0-9F3D-457C-B088-3A5042F75D52}") = "py", "Day 19 - Interfaces\py\py.pyproj", "{D3FC1FEF-7807-4100-8700-5E6056383A08}"
EndProject
Project("{2150E333-8FDC-42A3-9474-1A3956D46DE8}") = "Day 03 - Intro to Conditional Statements", "Day 03 - Intro to Conditional Statements", "{DD67B168-F078-40C1-9228-B04DEE624B17}"
EndProject
Project("{2150E333-8FDC-42A3-9474-1A3956D46DE8}") = "Day 04 - Class vs. Instance", "Day 04 - Class vs. Instance", "{44B1859C-0BDC-447A-8ED6-87786EF7FD88}"
EndProject
Project("{2150E333-8FDC-42A3-9474-1A3956D46DE8}") = "Day 05 - Loops", "Day 05 - Loops", "{869738A2-8C99-45B8-B22C-C47558F4C472}"
EndProject
Project("{2150E333-8FDC-42A3-9474-1A3956D46DE8}") = "Day 06 - Let's Review", "Day 06 - Let's Review", "{EE5A56C4-3B04-4481-830D-59613BFE2BCF}"
EndProject
Project("{2150E333-8FDC-42A3-9474-1A3956D46DE8}") = "Day 07 - Arrays", "Day 07 - Arrays", "{EAC32DF0-1666-4F22-A24A-01C6BA5CB724}"
EndProject
Project("{2150E333-8FDC-42A3-9474-1A3956D46DE8}") = "Day 08 - Dictionaries and Maps", "Day 08 - Dictionaries and Maps", "{14DD9F36-EEBA-4A95-AFFE-AA8AEFE5D215}"
EndProject
Project("{2150E333-8FDC-42A3-9474-1A3956D46DE8}") = "Day 09 - Recursion 3", "Day 09 - Recursion 3", "{27A87C3A-4A56-4878-BDB9-82B37D4681D0}"
EndProject
Project("{2150E333-8FDC-42A3-9474-1A3956D46DE8}") = "Day 10 - Binary Numbers", "Day 10 - Binary Numbers", "{A1A0C537-945E-4644-9A3A-91D8453EA4FA}"
EndProject
Project("{2150E333-8FDC-42A3-9474-1A3956D46DE8}") = "Day 11 - 2D Arrays", "Day 11 - 2D Arrays", "{2B30C48F-FF5C-4EAF-85E5-E52B3D6483AE}"
EndProject
Project("{2150E333-8FDC-42A3-9474-1A3956D46DE8}") = "Day 12 - Inheritance", "Day 12 - Inheritance", "{01ECEABF-8EDA-426D-8EAF-E3FC7A90F227}"
EndProject
Project("{2150E333-8FDC-42A3-9474-1A3956D46DE8}") = "Day 13 - Abstract Classes", "Day 13 - Abstract Classes", "{E0628A32-A9B8-4FC1-9913-B74968FB89D5}"
EndProject
Project("{2150E333-8FDC-42A3-9474-1A3956D46DE8}") = "Day 14 - Scope", "Day 14 - Scope", "{D989F1B4-0332-4E13-908D-DB227AB5125D}"
EndProject
Project("{2150E333-8FDC-42A3-9474-1A3956D46DE8}") = "Day 15 - Linked List", "Day 15 - Linked List", "{06808CD3-2FCB-44AE-87E5-D79FEE4E8F12}"
EndProject
Project("{2150E333-8FDC-42A3-9474-1A3956D46DE8}") = "Day 16 - Exceptions - String to Integer", "Day 16 - Exceptions - String to Integer", "{0532EE4E-BE07-4829-AB47-B91077B67F01}"
EndProject
Project("{2150E333-8FDC-42A3-9474-1A3956D46DE8}") = "Day 17 - More Exceptions", "Day 17 - More Exceptions", "{4010D647-3158-42C6-BB70-71C4FEB0A0C9}"
EndProject
Project("{2150E333-8FDC-42A3-9474-1A3956D46DE8}") = "Day 18 - Queues and Stacks", "Day 18 - Queues and Stacks", "{20C5C22B-AB34-479D-9D7E-2112A39B13CC}"
EndProject
Project("{888888A0-9F3D-457C-B088-3A5042F75D52}") = "py", "Day 03 - Intro to Conditional Statements\py\py.pyproj", "{8036E3E8-6688-4E68-B4D6-D7FDF9CDCB7D}"
EndProject
Project("{888888A0-9F3D-457C-B088-3A5042F75D52}") = "py", "Day 04 - Class vs. Instance\py\py.pyproj", "{81238A9B-8049-4FF8-BCCF-8651EC2F3093}"
EndProject
Project("{888888A0-9F3D-457C-B088-3A5042F75D52}") = "py", "Day 05 - Loops\py\py.pyproj", "{FAEC4926-0C5F-4898-B6D5-6A080BC7259C}"
EndProject
Project("{888888A0-9F3D-457C-B088-3A5042F75D52}") = "py", "Day 06 - Let's Review\py\py.pyproj", "{7D503442-A084-4344-AADC-EF8C2ACFC63F}"
EndProject
Project("{888888A0-9F3D-457C-B088-3A5042F75D52}") = "py", "Day 07 - Arrays\py\py.pyproj", "{439781DC-4D98-440E-9DE2-CFB82059B814}"
EndProject
Project("{888888A0-9F3D-457C-B088-3A5042F75D52}") = "py", "Day 08 - Dictionaries and Maps\py\py.pyproj", "{412FC722-2EE3-4EC6-9B9D-A0A6614BCA5C}"
EndProject
Project("{888888A0-9F3D-457C-B088-3A5042F75D52}") = "py", "Day 09 - Recursion 3\py\py.pyproj", "{D5E0CB0B-8F11-4159-BD0F-5282308392E1}"
EndProject
Project("{888888A0-9F3D-457C-B088-3A5042F75D52}") = "py", "Day 10 - Binary Numbers\py\py.pyproj", "{2EFF8C12-D466-43EE-A617-B6794FDCBE8B}"
EndProject
Project("{888888A0-9F3D-457C-B088-3A5042F75D52}") = "py", "Day 11 - 2D Arrays\py\py.pyproj", "{02AF39AA-C661-4669-8E06-4BBBB2DC4B50}"
EndProject
Project("{888888A0-9F3D-457C-B088-3A5042F75D52}") = "py", "Day 12 - Inheritance\py\py.pyproj", "{1E11C787-376E-4543-B406-6A5C9DAE695C}"
EndProject
Project("{888888A0-9F3D-457C-B088-3A5042F75D52}") = "py", "Day 13 - Abstract Classes\py\py.pyproj", "{DAE5F6E1-245A-469E-B8BC-18CABB54E12C}"
EndProject
Project("{888888A0-9F3D-457C-B088-3A5042F75D52}") = "py", "Day 14 - Scope\py\py.pyproj", "{F8799A6E-970A-4025-9B62-2F663EDA6BCF}"
EndProject
Project("{888888A0-9F3D-457C-B088-3A5042F75D52}") = "py", "Day 15 - Linked List\py\py.pyproj", "{58F34321-24A2-40A4-BEBD-62C1B5050164}"
EndProject
Project("{888888A0-9F3D-457C-B088-3A5042F75D52}") = "py", "Day 16 - Exceptions - String to Integer\py\py.pyproj", "{BAAF8B2B-9CEB-493F-81C0-21D51ECC28BB}"
EndProject
Project("{888888A0-9F3D-457C-B088-3A5042F75D52}") = "py", "Day 17 - More Exceptions\py\py.pyproj", "{F2E8050C-91E8-41D7-A6D3-2F4C83526B6E}"
EndProject
Project("{888888A0-9F3D-457C-B088-3A5042F75D52}") = "py", "Day 18 - Queues and Stacks\py\py.pyproj", "{3020943C-B5B2-402D-AD5B-ED582E3D8F76}"
EndProject
Global
	GlobalSection(SolutionConfigurationPlatforms) = preSolution
		Debug|Any CPU = Debug|Any CPU
		Debug|x64 = Debug|x64
		Debug|x86 = Debug|x86
		Release|Any CPU = Release|Any CPU
		Release|x64 = Release|x64
		Release|x86 = Release|x86
	EndGlobalSection
	GlobalSection(ProjectConfigurationPlatforms) = postSolution
		{E28F56D2-84D6-48B1-B718-95F153030D31}.Debug|Any CPU.ActiveCfg = Debug|x64
		{E28F56D2-84D6-48B1-B718-95F153030D31}.Debug|Any CPU.Build.0 = Debug|x64
		{E28F56D2-84D6-48B1-B718-95F153030D31}.Debug|x64.ActiveCfg = Debug|x64
		{E28F56D2-84D6-48B1-B718-95F153030D31}.Debug|x64.Build.0 = Debug|x64
		{E28F56D2-84D6-48B1-B718-95F153030D31}.Debug|x86.ActiveCfg = Debug|Win32
		{E28F56D2-84D6-48B1-B718-95F153030D31}.Debug|x86.Build.0 = Debug|Win32
		{E28F56D2-84D6-48B1-B718-95F153030D31}.Release|Any CPU.ActiveCfg = Release|x64
		{E28F56D2-84D6-48B1-B718-95F153030D31}.Release|Any CPU.Build.0 = Release|x64
		{E28F56D2-84D6-48B1-B718-95F153030D31}.Release|x64.ActiveCfg = Release|x64
		{E28F56D2-84D6-48B1-B718-95F153030D31}.Release|x64.Build.0 = Release|x64
		{E28F56D2-84D6-48B1-B718-95F153030D31}.Release|x86.ActiveCfg = Release|Win32
		{E28F56D2-84D6-48B1-B718-95F153030D31}.Release|x86.Build.0 = Release|Win32
		{31E52FBD-F776-4908-AF38-096FCF28D630}.Debug|Any CPU.ActiveCfg = Debug|x64
		{31E52FBD-F776-4908-AF38-096FCF28D630}.Debug|Any CPU.Build.0 = Debug|x64
		{31E52FBD-F776-4908-AF38-096FCF28D630}.Debug|x64.ActiveCfg = Debug|x64
		{31E52FBD-F776-4908-AF38-096FCF28D630}.Debug|x64.Build.0 = Debug|x64
		{31E52FBD-F776-4908-AF38-096FCF28D630}.Debug|x86.ActiveCfg = Debug|Win32
		{31E52FBD-F776-4908-AF38-096FCF28D630}.Debug|x86.Build.0 = Debug|Win32
		{31E52FBD-F776-4908-AF38-096FCF28D630}.Release|Any CPU.ActiveCfg = Release|x64
		{31E52FBD-F776-4908-AF38-096FCF28D630}.Release|Any CPU.Build.0 = Release|x64
		{31E52FBD-F776-4908-AF38-096FCF28D630}.Release|x64.ActiveCfg = Release|x64
		{31E52FBD-F776-4908-AF38-096FCF28D630}.Release|x64.Build.0 = Release|x64
		{31E52FBD-F776-4908-AF38-096FCF28D630}.Release|x86.ActiveCfg = Release|Win32
		{31E52FBD-F776-4908-AF38-096FCF28D630}.Release|x86.Build.0 = Release|Win32
		{90191376-4DFD-4021-96E9-97CDD0ABBE5F}.Debug|Any CPU.ActiveCfg = Debug|Any CPU
		{90191376-4DFD-4021-96E9-97CDD0ABBE5F}.Debug|x64.ActiveCfg = Debug|Any CPU
		{90191376-4DFD-4021-96E9-97CDD0ABBE5F}.Debug|x86.ActiveCfg = Debug|Any CPU
		{90191376-4DFD-4021-96E9-97CDD0ABBE5F}.Release|Any CPU.ActiveCfg = Release|Any CPU
		{90191376-4DFD-4021-96E9-97CDD0ABBE5F}.Release|x64.ActiveCfg = Release|Any CPU
		{90191376-4DFD-4021-96E9-97CDD0ABBE5F}.Release|x86.ActiveCfg = Release|Any CPU
		{D2F880CF-3C0A-42D3-8BFB-C192922FA643}.Debug|Any CPU.ActiveCfg = Debug|Any CPU
		{D2F880CF-3C0A-42D3-8BFB-C192922FA643}.Debug|x64.ActiveCfg = Debug|Any CPU
		{D2F880CF-3C0A-42D3-8BFB-C192922FA643}.Debug|x86.ActiveCfg = Debug|Any CPU
		{D2F880CF-3C0A-42D3-8BFB-C192922FA643}.Release|Any CPU.ActiveCfg = Release|Any CPU
		{D2F880CF-3C0A-42D3-8BFB-C192922FA643}.Release|x64.ActiveCfg = Release|Any CPU
		{D2F880CF-3C0A-42D3-8BFB-C192922FA643}.Release|x86.ActiveCfg = Release|Any CPU
		{8F5459B1-312B-4DA6-B04D-17593B1C9E86}.Debug|Any CPU.ActiveCfg = Debug|Any CPU
		{8F5459B1-312B-4DA6-B04D-17593B1C9E86}.Debug|x64.ActiveCfg = Debug|Any CPU
		{8F5459B1-312B-4DA6-B04D-17593B1C9E86}.Debug|x86.ActiveCfg = Debug|Any CPU
		{8F5459B1-312B-4DA6-B04D-17593B1C9E86}.Release|Any CPU.ActiveCfg = Release|Any CPU
		{8F5459B1-312B-4DA6-B04D-17593B1C9E86}.Release|x64.ActiveCfg = Release|Any CPU
		{8F5459B1-312B-4DA6-B04D-17593B1C9E86}.Release|x86.ActiveCfg = Release|Any CPU
		{D3FC1FEF-7807-4100-8700-5E6056383A08}.Debug|Any CPU.ActiveCfg = Debug|Any CPU
		{D3FC1FEF-7807-4100-8700-5E6056383A08}.Debug|x64.ActiveCfg = Debug|Any CPU
		{D3FC1FEF-7807-4100-8700-5E6056383A08}.Debug|x86.ActiveCfg = Debug|Any CPU
		{D3FC1FEF-7807-4100-8700-5E6056383A08}.Release|Any CPU.ActiveCfg = Release|Any CPU
		{D3FC1FEF-7807-4100-8700-5E6056383A08}.Release|x64.ActiveCfg = Release|Any CPU
		{D3FC1FEF-7807-4100-8700-5E6056383A08}.Release|x86.ActiveCfg = Release|Any CPU
		{8036E3E8-6688-4E68-B4D6-D7FDF9CDCB7D}.Debug|Any CPU.ActiveCfg = Debug|Any CPU
		{8036E3E8-6688-4E68-B4D6-D7FDF9CDCB7D}.Debug|x64.ActiveCfg = Debug|Any CPU
		{8036E3E8-6688-4E68-B4D6-D7FDF9CDCB7D}.Debug|x86.ActiveCfg = Debug|Any CPU
		{8036E3E8-6688-4E68-B4D6-D7FDF9CDCB7D}.Release|Any CPU.ActiveCfg = Release|Any CPU
		{8036E3E8-6688-4E68-B4D6-D7FDF9CDCB7D}.Release|x64.ActiveCfg = Release|Any CPU
		{8036E3E8-6688-4E68-B4D6-D7FDF9CDCB7D}.Release|x86.ActiveCfg = Release|Any CPU
		{81238A9B-8049-4FF8-BCCF-8651EC2F3093}.Debug|Any CPU.ActiveCfg = Debug|Any CPU
		{81238A9B-8049-4FF8-BCCF-8651EC2F3093}.Debug|x64.ActiveCfg = Debug|Any CPU
		{81238A9B-8049-4FF8-BCCF-8651EC2F3093}.Debug|x86.ActiveCfg = Debug|Any CPU
		{81238A9B-8049-4FF8-BCCF-8651EC2F3093}.Release|Any CPU.ActiveCfg = Release|Any CPU
		{81238A9B-8049-4FF8-BCCF-8651EC2F3093}.Release|x64.ActiveCfg = Release|Any CPU
		{81238A9B-8049-4FF8-BCCF-8651EC2F3093}.Release|x86.ActiveCfg = Release|Any CPU
		{FAEC4926-0C5F-4898-B6D5-6A080BC7259C}.Debug|Any CPU.ActiveCfg = Debug|Any CPU
		{FAEC4926-0C5F-4898-B6D5-6A080BC7259C}.Debug|x64.ActiveCfg = Debug|Any CPU
		{FAEC4926-0C5F-4898-B6D5-6A080BC7259C}.Debug|x86.ActiveCfg = Debug|Any CPU
		{FAEC4926-0C5F-4898-B6D5-6A080BC7259C}.Release|Any CPU.ActiveCfg = Release|Any CPU
		{FAEC4926-0C5F-4898-B6D5-6A080BC7259C}.Release|x64.ActiveCfg = Release|Any CPU
		{FAEC4926-0C5F-4898-B6D5-6A080BC7259C}.Release|x86.ActiveCfg = Release|Any CPU
		{7D503442-A084-4344-AADC-EF8C2ACFC63F}.Debug|Any CPU.ActiveCfg = Debug|Any CPU
		{7D503442-A084-4344-AADC-EF8C2ACFC63F}.Debug|x64.ActiveCfg = Debug|Any CPU
		{7D503442-A084-4344-AADC-EF8C2ACFC63F}.Debug|x86.ActiveCfg = Debug|Any CPU
		{7D503442-A084-4344-AADC-EF8C2ACFC63F}.Release|Any CPU.ActiveCfg = Release|Any CPU
		{7D503442-A084-4344-AADC-EF8C2ACFC63F}.Release|x64.ActiveCfg = Release|Any CPU
		{7D503442-A084-4344-AADC-EF8C2ACFC63F}.Release|x86.ActiveCfg = Release|Any CPU
		{439781DC-4D98-440E-9DE2-CFB82059B814}.Debug|Any CPU.ActiveCfg = Debug|Any CPU
		{439781DC-4D98-440E-9DE2-CFB82059B814}.Debug|x64.ActiveCfg = Debug|Any CPU
		{439781DC-4D98-440E-9DE2-CFB82059B814}.Debug|x86.ActiveCfg = Debug|Any CPU
		{439781DC-4D98-440E-9DE2-CFB82059B814}.Release|Any CPU.ActiveCfg = Release|Any CPU
		{439781DC-4D98-440E-9DE2-CFB82059B814}.Release|x64.ActiveCfg = Release|Any CPU
		{439781DC-4D98-440E-9DE2-CFB82059B814}.Release|x86.ActiveCfg = Release|Any CPU
		{412FC722-2EE3-4EC6-9B9D-A0A6614BCA5C}.Debug|Any CPU.ActiveCfg = Debug|Any CPU
		{412FC722-2EE3-4EC6-9B9D-A0A6614BCA5C}.Debug|x64.ActiveCfg = Debug|Any CPU
		{412FC722-2EE3-4EC6-9B9D-A0A6614BCA5C}.Debug|x86.ActiveCfg = Debug|Any CPU
		{412FC722-2EE3-4EC6-9B9D-A0A6614BCA5C}.Release|Any CPU.ActiveCfg = Release|Any CPU
		{412FC722-2EE3-4EC6-9B9D-A0A6614BCA5C}.Release|x64.ActiveCfg = Release|Any CPU
		{412FC722-2EE3-4EC6-9B9D-A0A6614BCA5C}.Release|x86.ActiveCfg = Release|Any CPU
		{D5E0CB0B-8F11-4159-BD0F-5282308392E1}.Debug|Any CPU.ActiveCfg = Debug|Any CPU
		{D5E0CB0B-8F11-4159-BD0F-5282308392E1}.Debug|x64.ActiveCfg = Debug|Any CPU
		{D5E0CB0B-8F11-4159-BD0F-5282308392E1}.Debug|x86.ActiveCfg = Debug|Any CPU
		{D5E0CB0B-8F11-4159-BD0F-5282308392E1}.Release|Any CPU.ActiveCfg = Release|Any CPU
		{D5E0CB0B-8F11-4159-BD0F-5282308392E1}.Release|x64.ActiveCfg = Release|Any CPU
		{D5E0CB0B-8F11-4159-BD0F-5282308392E1}.Release|x86.ActiveCfg = Release|Any CPU
		{2EFF8C12-D466-43EE-A617-B6794FDCBE8B}.Debug|Any CPU.ActiveCfg = Debug|Any CPU
		{2EFF8C12-D466-43EE-A617-B6794FDCBE8B}.Debug|x64.ActiveCfg = Debug|Any CPU
		{2EFF8C12-D466-43EE-A617-B6794FDCBE8B}.Debug|x86.ActiveCfg = Debug|Any CPU
		{2EFF8C12-D466-43EE-A617-B6794FDCBE8B}.Release|Any CPU.ActiveCfg = Release|Any CPU
		{2EFF8C12-D466-43EE-A617-B6794FDCBE8B}.Release|x64.ActiveCfg = Release|Any CPU
		{2EFF8C12-D466-43EE-A617-B6794FDCBE8B}.Release|x86.ActiveCfg = Release|Any CPU
		{02AF39AA-C661-4669-8E06-4BBBB2DC4B50}.Debug|Any CPU.ActiveCfg = Debug|Any CPU
		{02AF39AA-C661-4669-8E06-4BBBB2DC4B50}.Debug|x64.ActiveCfg = Debug|Any CPU
		{02AF39AA-C661-4669-8E06-4BBBB2DC4B50}.Debug|x86.ActiveCfg = Debug|Any CPU
		{02AF39AA-C661-4669-8E06-4BBBB2DC4B50}.Release|Any CPU.ActiveCfg = Release|Any CPU
		{02AF39AA-C661-4669-8E06-4BBBB2DC4B50}.Release|x64.ActiveCfg = Release|Any CPU
		{02AF39AA-C661-4669-8E06-4BBBB2DC4B50}.Release|x86.ActiveCfg = Release|Any CPU
		{1E11C787-376E-4543-B406-6A5C9DAE695C}.Debug|Any CPU.ActiveCfg = Debug|Any CPU
		{1E11C787-376E-4543-B406-6A5C9DAE695C}.Debug|x64.ActiveCfg = Debug|Any CPU
		{1E11C787-376E-4543-B406-6A5C9DAE695C}.Debug|x86.ActiveCfg = Debug|Any CPU
		{1E11C787-376E-4543-B406-6A5C9DAE695C}.Release|Any CPU.ActiveCfg = Release|Any CPU
		{1E11C787-376E-4543-B406-6A5C9DAE695C}.Release|x64.ActiveCfg = Release|Any CPU
		{1E11C787-376E-4543-B406-6A5C9DAE695C}.Release|x86.ActiveCfg = Release|Any CPU
		{DAE5F6E1-245A-469E-B8BC-18CABB54E12C}.Debug|Any CPU.ActiveCfg = Debug|Any CPU
		{DAE5F6E1-245A-469E-B8BC-18CABB54E12C}.Debug|x64.ActiveCfg = Debug|Any CPU
		{DAE5F6E1-245A-469E-B8BC-18CABB54E12C}.Debug|x86.ActiveCfg = Debug|Any CPU
		{DAE5F6E1-245A-469E-B8BC-18CABB54E12C}.Release|Any CPU.ActiveCfg = Release|Any CPU
		{DAE5F6E1-245A-469E-B8BC-18CABB54E12C}.Release|x64.ActiveCfg = Release|Any CPU
		{DAE5F6E1-245A-469E-B8BC-18CABB54E12C}.Release|x86.ActiveCfg = Release|Any CPU
		{F8799A6E-970A-4025-9B62-2F663EDA6BCF}.Debug|Any CPU.ActiveCfg = Debug|Any CPU
		{F8799A6E-970A-4025-9B62-2F663EDA6BCF}.Debug|x64.ActiveCfg = Debug|Any CPU
		{F8799A6E-970A-4025-9B62-2F663EDA6BCF}.Debug|x86.ActiveCfg = Debug|Any CPU
		{F8799A6E-970A-4025-9B62-2F663EDA6BCF}.Release|Any CPU.ActiveCfg = Release|Any CPU
		{F8799A6E-970A-4025-9B62-2F663EDA6BCF}.Release|x64.ActiveCfg = Release|Any CPU
		{F8799A6E-970A-4025-9B62-2F663EDA6BCF}.Release|x86.ActiveCfg = Release|Any CPU
		{58F34321-24A2-40A4-BEBD-62C1B5050164}.Debug|Any CPU.ActiveCfg = Debug|Any CPU
		{58F34321-24A2-40A4-BEBD-62C1B5050164}.Debug|x64.ActiveCfg = Debug|Any CPU
		{58F34321-24A2-40A4-BEBD-62C1B5050164}.Debug|x86.ActiveCfg = Debug|Any CPU
		{58F34321-24A2-40A4-BEBD-62C1B5050164}.Release|Any CPU.ActiveCfg = Release|Any CPU
		{58F34321-24A2-40A4-BEBD-62C1B5050164}.Release|x64.ActiveCfg = Release|Any CPU
		{58F34321-24A2-40A4-BEBD-62C1B5050164}.Release|x86.ActiveCfg = Release|Any CPU
		{BAAF8B2B-9CEB-493F-81C0-21D51ECC28BB}.Debug|Any CPU.ActiveCfg = Debug|Any CPU
		{BAAF8B2B-9CEB-493F-81C0-21D51ECC28BB}.Debug|x64.ActiveCfg = Debug|Any CPU
		{BAAF8B2B-9CEB-493F-81C0-21D51ECC28BB}.Debug|x86.ActiveCfg = Debug|Any CPU
		{BAAF8B2B-9CEB-493F-81C0-21D51ECC28BB}.Release|Any CPU.ActiveCfg = Release|Any CPU
		{BAAF8B2B-9CEB-493F-81C0-21D51ECC28BB}.Release|x64.ActiveCfg = Release|Any CPU
		{BAAF8B2B-9CEB-493F-81C0-21D51ECC28BB}.Release|x86.ActiveCfg = Release|Any CPU
		{F2E8050C-91E8-41D7-A6D3-2F4C83526B6E}.Debug|Any CPU.ActiveCfg = Debug|Any CPU
		{F2E8050C-91E8-41D7-A6D3-2F4C83526B6E}.Debug|x64.ActiveCfg = Debug|Any CPU
		{F2E8050C-91E8-41D7-A6D3-2F4C83526B6E}.Debug|x86.ActiveCfg = Debug|Any CPU
		{F2E8050C-91E8-41D7-A6D3-2F4C83526B6E}.Release|Any CPU.ActiveCfg = Release|Any CPU
		{F2E8050C-91E8-41D7-A6D3-2F4C83526B6E}.Release|x64.ActiveCfg = Release|Any CPU
		{F2E8050C-91E8-41D7-A6D3-2F4C83526B6E}.Release|x86.ActiveCfg = Release|Any CPU
		{3020943C-B5B2-402D-AD5B-ED582E3D8F76}.Debug|Any CPU.ActiveCfg = Debug|Any CPU
		{3020943C-B5B2-402D-AD5B-ED582E3D8F76}.Debug|x64.ActiveCfg = Debug|Any CPU
		{3020943C-B5B2-402D-AD5B-ED582E3D8F76}.Debug|x86.ActiveCfg = Debug|Any CPU
		{3020943C-B5B2-402D-AD5B-ED582E3D8F76}.Release|Any CPU.ActiveCfg = Release|Any CPU
		{3020943C-B5B2-402D-AD5B-ED582E3D8F76}.Release|x64.ActiveCfg = Release|Any CPU
		{3020943C-B5B2-402D-AD5B-ED582E3D8F76}.Release|x86.ActiveCfg = Release|Any CPU
	EndGlobalSection
	GlobalSection(SolutionProperties) = preSolution
		HideSolutionNode = FALSE
	EndGlobalSection
	GlobalSection(NestedProjects) = preSolution
		{E28F56D2-84D6-48B1-B718-95F153030D31} = {6E657C1B-AC12-4662-8B65-C6AE77FF7D12}
		{31E52FBD-F776-4908-AF38-096FCF28D630} = {02EA681E-C7D8-13C7-8484-4AC65E1B71E8}
		{90191376-4DFD-4021-96E9-97CDD0ABBE5F} = {02EA681E-C7D8-13C7-8484-4AC65E1B71E8}
		{D2F880CF-3C0A-42D3-8BFB-C192922FA643} = {6E657C1B-AC12-4662-8B65-C6AE77FF7D12}
		{8F5459B1-312B-4DA6-B04D-17593B1C9E86} = {20508BEF-28C7-422D-9DF5-802068426767}
		{D3FC1FEF-7807-4100-8700-5E6056383A08} = {A130EEA8-44EA-49D7-A530-F47924840706}
		{8036E3E8-6688-4E68-B4D6-D7FDF9CDCB7D} = {DD67B168-F078-40C1-9228-B04DEE624B17}
		{81238A9B-8049-4FF8-BCCF-8651EC2F3093} = {44B1859C-0BDC-447A-8ED6-87786EF7FD88}
		{FAEC4926-0C5F-4898-B6D5-6A080BC7259C} = {869738A2-8C99-45B8-B22C-C47558F4C472}
		{7D503442-A084-4344-AADC-EF8C2ACFC63F} = {EE5A56C4-3B04-4481-830D-59613BFE2BCF}
		{439781DC-4D98-440E-9DE2-CFB82059B814} = {EAC32DF0-1666-4F22-A24A-01C6BA5CB724}
		{412FC722-2EE3-4EC6-9B9D-A0A6614BCA5C} = {14DD9F36-EEBA-4A95-AFFE-AA8AEFE5D215}
		{D5E0CB0B-8F11-4159-BD0F-5282308392E1} = {27A87C3A-4A56-4878-BDB9-82B37D4681D0}
		{2EFF8C12-D466-43EE-A617-B6794FDCBE8B} = {A1A0C537-945E-4644-9A3A-91D8453EA4FA}
		{02AF39AA-C661-4669-8E06-4BBBB2DC4B50} = {2B30C48F-FF5C-4EAF-85E5-E52B3D6483AE}
		{1E11C787-376E-4543-B406-6A5C9DAE695C} = {01ECEABF-8EDA-426D-8EAF-E3FC7A90F227}
		{DAE5F6E1-245A-469E-B8BC-18CABB54E12C} = {E0628A32-A9B8-4FC1-9913-B74968FB89D5}
		{F8799A6E-970A-4025-9B62-2F663EDA6BCF} = {D989F1B4-0332-4E13-908D-DB227AB5125D}
		{58F34321-24A2-40A4-BEBD-62C1B5050164} = {06808CD3-2FCB-44AE-87E5-D79FEE4E8F12}
		{BAAF8B2B-9CEB-493F-81C0-21D51ECC28BB} = {0532EE4E-BE07-4829-AB47-B91077B67F01}
		{F2E8050C-91E8-41D7-A6D3-2F4C83526B6E} = {4010D647-3158-42C6-BB70-71C4FEB0A0C9}
		{3020943C-B5B2-402D-AD5B-ED582E3D8F76} = {20C5C22B-AB34-479D-9D7E-2112A39B13CC}
	EndGlobalSection
	GlobalSection(ExtensibilityGlobals) = postSolution
		SolutionGuid = {3B88DDB8-4FAC-4662-97FE-83CC94F43844}
	EndGlobalSection
EndGlobal
